
Microsoft Visual Studio Solution File, Format Version 12.00
# Visual Studio Version 17
VisualStudioVersion = 17.9.34616.47
MinimumVisualStudioVersion = 10.0.40219.1
Project("{8BC9CEB8-8B4A-11D0-8D11-00A0C91BC942}") = "dhito115", "dhito115\dhito115.vcxproj", "{2078FB5F-07FC-4D4F-A13C-75A6560DF274}"
EndProject
Project("{8BC9CEB8-8B4A-11D0-8D11-00A0C91BC942}") = "pertemuan", "pertemuan\pertemuan.vcxproj", "{6DDD1EEF-802F-4557-BCAB-C6DF1B29AEBC}"
EndProject
Project("{8BC9CEB8-8B4A-11D0-8D11-00A0C91BC942}") = "dhito zharfan", "dhito zharfan\dhito zharfan.vcxproj", "{FC2B723B-0CB7-4D3B-979F-C812374DCC50}"
EndProject
Project("{8BC9CEB8-8B4A-11D0-8D11-00A0C91BC942}") = "erindhito zharfam", "erindhito zharfam\erindhito zharfam.vcxproj", "{43C1DB57-3C73-4505-89D6-5FF39B010E2C}"
EndProject
Global
	GlobalSection(SolutionConfigurationPlatforms) = preSolution
		Debug|x64 = Debug|x64
		Debug|x86 = Debug|x86
		Release|x64 = Release|x64
		Release|x86 = Release|x86
	EndGlobalSection
	GlobalSection(ProjectConfigurationPlatforms) = postSolution
		{2078FB5F-07FC-4D4F-A13C-75A6560DF274}.Debug|x64.ActiveCfg = Debug|x64
		{2078FB5F-07FC-4D4F-A13C-75A6560DF274}.Debug|x64.Build.0 = Debug|x64
		{2078FB5F-07FC-4D4F-A13C-75A6560DF274}.Debug|x86.ActiveCfg = Debug|Win32
		{2078FB5F-07FC-4D4F-A13C-75A6560DF274}.Debug|x86.Build.0 = Debug|Win32
		{2078FB5F-07FC-4D4F-A13C-75A6560DF274}.Release|x64.ActiveCfg = Release|x64
		{2078FB5F-07FC-4D4F-A13C-75A6560DF274}.Release|x64.Build.0 = Release|x64
		{2078FB5F-07FC-4D4F-A13C-75A6560DF274}.Release|x86.ActiveCfg = Release|Win32
		{2078FB5F-07FC-4D4F-A13C-75A6560DF274}.Release|x86.Build.0 = Release|Win32
		{6DDD1EEF-802F-4557-BCAB-C6DF1B29AEBC}.Debug|x64.ActiveCfg = Debug|x64
		{6DDD1EEF-802F-4557-BCAB-C6DF1B29AEBC}.Debug|x64.Build.0 = Debug|x64
		{6DDD1EEF-802F-4557-BCAB-C6DF1B29AEBC}.Debug|x86.ActiveCfg = Debug|Win32
		{6DDD1EEF-802F-4557-BCAB-C6DF1B29AEBC}.Debug|x86.Build.0 = Debug|Win32
		{6DDD1EEF-802F-4557-BCAB-C6DF1B29AEBC}.Release|x64.ActiveCfg = Release|x64
		{6DDD1EEF-802F-4557-BCAB-C6DF1B29AEBC}.Release|x64.Build.0 = Release|x64
		{6DDD1EEF-802F-4557-BCAB-C6DF1B29AEBC}.Release|x86.ActiveCfg = Release|Win32
		{6DDD1EEF-802F-4557-BCAB-C6DF1B29AEBC}.Release|x86.Build.0 = Release|Win32
		{FC2B723B-0CB7-4D3B-979F-C812374DCC50}.Debug|x64.ActiveCfg = Debug|x64
		{FC2B723B-0CB7-4D3B-979F-C812374DCC50}.Debug|x64.Build.0 = Debug|x64
		{FC2B723B-0CB7-4D3B-979F-C812374DCC50}.Debug|x86.ActiveCfg = Debug|Win32
		{FC2B723B-0CB7-4D3B-979F-C812374DCC50}.Debug|x86.Build.0 = Debug|Win32
		{FC2B723B-0CB7-4D3B-979F-C812374DCC50}.Release|x64.ActiveCfg = Release|x64
		{FC2B723B-0CB7-4D3B-979F-C812374DCC50}.Release|x64.Build.0 = Release|x64
		{FC2B723B-0CB7-4D3B-979F-C812374DCC50}.Release|x86.ActiveCfg = Release|Win32
		{FC2B723B-0CB7-4D3B-979F-C812374DCC50}.Release|x86.Build.0 = Release|Win32
		{43C1DB57-3C73-4505-89D6-5FF39B010E2C}.Debug|x64.ActiveCfg = Debug|x64
		{43C1DB57-3C73-4505-89D6-5FF39B010E2C}.Debug|x64.Build.0 = Debug|x64
		{43C1DB57-3C73-4505-89D6-5FF39B010E2C}.Debug|x86.ActiveCfg = Debug|Win32
		{43C1DB57-3C73-4505-89D6-5FF39B010E2C}.Debug|x86.Build.0 = Debug|Win32
		{43C1DB57-3C73-4505-89D6-5FF39B010E2C}.Release|x64.ActiveCfg = Release|x64
		{43C1DB57-3C73-4505-89D6-5FF39B010E2C}.Release|x64.Build.0 = Release|x64
		{43C1DB57-3C73-4505-89D6-5FF39B010E2C}.Release|x86.ActiveCfg = Release|Win32
		{43C1DB57-3C73-4505-89D6-5FF39B010E2C}.Release|x86.Build.0 = Release|Win32
	EndGlobalSection
	GlobalSection(SolutionProperties) = preSolution
		HideSolutionNode = FALSE
	EndGlobalSection
	GlobalSection(ExtensibilityGlobals) = postSolution
		SolutionGuid = {972AF25A-09F1-406C-AF74-CA7CAFA0323A}
	EndGlobalSection
EndGlobal
